
Microsoft Visual Studio Solution File, Format Version 12.00
# Visual Studio 14
VisualStudioVersion = 14.0.25420.1
MinimumVisualStudioVersion = 10.0.40219.1
Project("{FAE04EC0-301F-11D3-BF4B-00C04F79EFBC}") = "Yoyo.Extensions", "Yoyo.Extensions\Yoyo.Extensions.csproj", "{B9F99DB6-C013-4F4A-B726-B6E318AA2C09}"
EndProject
Project("{FAE04EC0-301F-11D3-BF4B-00C04F79EFBC}") = "Yoyo.Tests", "Yoyo.Tests\Yoyo.Tests.csproj", "{64BF009C-CFB4-4A8E-9517-C7C98A64C682}"
EndProject
Global
	GlobalSection(SolutionConfigurationPlatforms) = preSolution
		Debug|Any CPU = Debug|Any CPU
		Release|Any CPU = Release|Any CPU
	EndGlobalSection
	GlobalSection(ProjectConfigurationPlatforms) = postSolution
		{B9F99DB6-C013-4F4A-B726-B6E318AA2C09}.Debug|Any CPU.ActiveCfg = Debug|Any CPU
		{B9F99DB6-C013-4F4A-B726-B6E318AA2C09}.Debug|Any CPU.Build.0 = Debug|Any CPU
		{B9F99DB6-C013-4F4A-B726-B6E318AA2C09}.Release|Any CPU.ActiveCfg = Release|Any CPU
		{B9F99DB6-C013-4F4A-B726-B6E318AA2C09}.Release|Any CPU.Build.0 = Release|Any CPU
		{64BF009C-CFB4-4A8E-9517-C7C98A64C682}.Debug|Any CPU.ActiveCfg = Debug|Any CPU
		{64BF009C-CFB4-4A8E-9517-C7C98A64C682}.Debug|Any CPU.Build.0 = Debug|Any CPU
		{64BF009C-CFB4-4A8E-9517-C7C98A64C682}.Release|Any CPU.ActiveCfg = Release|Any CPU
		{64BF009C-CFB4-4A8E-9517-C7C98A64C682}.Release|Any CPU.Build.0 = Release|Any CPU
	EndGlobalSection
	GlobalSection(SolutionProperties) = preSolution
		HideSolutionNode = FALSE
	EndGlobalSection
EndGlobal
